{
  "nodes": {
    "crane": {
      "locked": {
        "lastModified": 1758758545,
        "narHash": "sha256-NU5WaEdfwF6i8faJ2Yh+jcK9vVFrofLcwlD/mP65JrI=",
        "owner": "ipetkov",
        "repo": "crane",
        "rev": "95d528a5f54eaba0d12102249ce42f4d01f4e364",
        "type": "github"
      },
      "original": {
        "owner": "ipetkov",
        "repo": "crane",
        "type": "github"
      }
    },
    "nixpkgs": {
      "locked": {
        "lastModified": 1773821835,
        "narHash": "sha256-TJ3lSQtW0E2JrznGVm8hOQGVpXjJyXY2guAxku2O9A4=",
        "owner": "nixos",
        "repo": "nixpkgs",
        "rev": "b40629efe5d6ec48dd1efba650c797ddbd39ace0",
        "type": "github"
      },
      "original": {
        "owner": "nixos",
        "ref": "nixos-unstable",
        "repo": "nixpkgs",
        "type": "github"
      }
    },
    "nixpkgs_2": {
      "locked": {
        "lastModified": 1773821835,
        "narHash": "sha256-TJ3lSQtW0E2JrznGVm8hOQGVpXjJyXY2guAxku2O9A4=",
        "owner": "nixos",
        "repo": "nixpkgs",
        "rev": "b40629efe5d6ec48dd1efba650c797ddbd39ace0",
        "type": "github"
      },
      "original": {
        "owner": "nixos",
        "ref": "nixos-unstable",
        "repo": "nixpkgs",
        "type": "github"
      }
    },
    "nixpkgs_3": {
      "locked": {
        "lastModified": 1759036355,
        "narHash": "sha256-0m27AKv6ka+q270dw48KflE0LwQYrO7Fm4/2//KCVWg=",
        "owner": "nixos",
        "repo": "nixpkgs",
        "rev": "e9f00bd893984bc8ce46c895c3bf7cac95331127",
        "type": "github"
      },
      "original": {
        "owner": "nixos",
        "ref": "nixos-unstable",
        "repo": "nixpkgs",
        "type": "github"
      }
    },
    "root": {
      "inputs": {
        "nixpkgs": "nixpkgs",
        "whisp-overlay": "whisp-overlay"
      }
    },
    "whisp-away": {
      "inputs": {
        "crane": "crane",
        "nixpkgs": "nixpkgs_3"
      },
      "locked": {
        "lastModified": 1768913025,
        "narHash": "sha256-nL4A3iKmhUmORgVem3gGcGP8fwAzvV4PsgfjJgVw/TA=",
        "owner": "madjinn",
        "repo": "whisp-away",
        "rev": "c1561e2418ee13e98a43c276165fc783b34eaede",
        "type": "github"
      },
      "original": {
        "owner": "madjinn",
        "repo": "whisp-away",
        "type": "github"
      }
    },
    "whisp-overlay": {
      "inputs": {
        "nixpkgs": "nixpkgs_2",
        "whisp-away": "whisp-away"
      },
      "locked": {
        "lastModified": 1773171899,
        "narHash": "sha256-9wKZlvy4VB2p9qI40suPvScESBigNu5OS0UEeWPvJPs=",
        "owner": "JBoeCodes",
        "repo": "whisp-overlay",
        "rev": "5fe0c83cd454770de3ee077432ec93f6e53a0820",
        "type": "github"
      },
      "original": {
        "owner": "JBoeCodes",
        "repo": "whisp-overlay",
        "type": "github"
      }
    }
  },
  "root": "root",
  "version": 7
}
